
Microsoft Visual Studio Solution File, Format Version 12.00
# Visual Studio 15
VisualStudioVersion = 15.0.28307.489
MinimumVisualStudioVersion = 10.0.40219.1
Project("{FAE04EC0-301F-11D3-BF4B-00C04F79EFBC}") = "CustomerList", "CustomerList\CustomerList.csproj", "{FBB1CF50-F6D8-4194-927E-F68AF69275BF}"
EndProject
Global
	GlobalSection(SolutionConfigurationPlatforms) = preSolution
		Debug|Any CPU = Debug|Any CPU
		Release|Any CPU = Release|Any CPU
	EndGlobalSection
	GlobalSection(ProjectConfigurationPlatforms) = postSolution
		{FBB1CF50-F6D8-4194-927E-F68AF69275BF}.Debug|Any CPU.ActiveCfg = Debug|Any CPU
		{FBB1CF50-F6D8-4194-927E-F68AF69275BF}.Debug|Any CPU.Build.0 = Debug|Any CPU
		{FBB1CF50-F6D8-4194-927E-F68AF69275BF}.Release|Any CPU.ActiveCfg = Release|Any CPU
		{FBB1CF50-F6D8-4194-927E-F68AF69275BF}.Release|Any CPU.Build.0 = Release|Any CPU
	EndGlobalSection
	GlobalSection(SolutionProperties) = preSolution
		HideSolutionNode = FALSE
	EndGlobalSection
	GlobalSection(ExtensibilityGlobals) = postSolution
		SolutionGuid = {DF5A283F-982D-49C6-92BA-83C37E14B6F6}
	EndGlobalSection
EndGlobal
